
Microsoft Visual Studio Solution File, Format Version 12.00
# Visual Studio Version 16
VisualStudioVersion = 16.0.32901.82
MinimumVisualStudioVersion = 10.0.40219.1
Project("{FAE04EC0-301F-11D3-BF4B-00C04F79EFBC}") = "Prueba2", "Prueba2\Prueba2.csproj", "{A9548EB1-6343-411E-8ECD-B2BB44BADE2D}"
EndProject
Global
	GlobalSection(SolutionConfigurationPlatforms) = preSolution
		Debug|Any CPU = Debug|Any CPU
		Release|Any CPU = Release|Any CPU
	EndGlobalSection
	GlobalSection(ProjectConfigurationPlatforms) = postSolution
		{A9548EB1-6343-411E-8ECD-B2BB44BADE2D}.Debug|Any CPU.ActiveCfg = Debug|Any CPU
		{A9548EB1-6343-411E-8ECD-B2BB44BADE2D}.Debug|Any CPU.Build.0 = Debug|Any CPU
		{A9548EB1-6343-411E-8ECD-B2BB44BADE2D}.Release|Any CPU.ActiveCfg = Release|Any CPU
		{A9548EB1-6343-411E-8ECD-B2BB44BADE2D}.Release|Any CPU.Build.0 = Release|Any CPU
	EndGlobalSection
	GlobalSection(SolutionProperties) = preSolution
		HideSolutionNode = FALSE
	EndGlobalSection
	GlobalSection(ExtensibilityGlobals) = postSolution
		SolutionGuid = {632BD09F-9B22-4481-9822-70011952FC5A}
	EndGlobalSection
EndGlobal
